{
  "name": "swift-selection-search",
  "version": "1.0.0",
  "lockfileVersion": 1,
  "requires": true,
  "dependencies": {
    "@types/firefox-webext-browser": {
      "version": "67.0.2",
      "resolved": "https://registry.npmjs.org/@types/firefox-webext-browser/-/firefox-webext-browser-67.0.2.tgz",
      "integrity": "sha512-tXR5THtH5Fqwfmi4y/2dTxCTebqHsKCH2bif/VdE5CPcB/S5x5fu+N+wBuMENzN41agovHMU/LQbtWNV+Aux+w==",
      "dev": true
    },
    "typescript": {
      "version": "3.9.7",
      "resolved": "https://registry.npmjs.org/typescript/-/typescript-3.9.7.tgz",
      "integrity": "sha512-BLbiRkiBzAwsjut4x/dsibSTB6yWpwT5qWmC2OfuCg3GgVQCSgMs4vEctYPhsaGtd0AeuuHMkjZ2h2WG8MSzRw==",
      "dev": true
    }
  }
}
